<?xml version="1.0" encoding="utf-8"?>
<Project ToolsVersion="16.0" xmlns="http://schemas.microsoft.com/developer/msbuild/2003">
  <ItemGroup>
    <CustomBuild Include="D:\7семестр\операционки\labs\lab1\_build\CMakeFiles\bf291862dd7d4837dff97171884d140a\generate.stamp.rule">
      <Filter>CMake Rules</Filter>
    </CustomBuild>
  </ItemGroup>
  <ItemGroup>
    <Filter Include="CMake Rules">
      <UniqueIdentifier>{5995C38C-455C-3F17-B118-BA6EB8C6A234}</UniqueIdentifier>
    </Filter>
  </ItemGroup>
</Project>
